
Microsoft Visual Studio Solution File, Format Version 12.00
# Visual Studio Version 16
VisualStudioVersion = 16.0.30711.63
MinimumVisualStudioVersion = 10.0.40219.1
Project("{8BC9CEB8-8B4A-11D0-8D11-00A0C91BC942}") = "Project", "Project\Project.vcxproj", "{E4F5AB39-AD73-4995-B50A-3EC18A46DF59}"
EndProject
Global
	GlobalSection(SolutionConfigurationPlatforms) = preSolution
		Debug|x64 = Debug|x64
		Debug|x86 = Debug|x86
		Release|x64 = Release|x64
		Release|x86 = Release|x86
	EndGlobalSection
	GlobalSection(ProjectConfigurationPlatforms) = postSolution
		{E4F5AB39-AD73-4995-B50A-3EC18A46DF59}.Debug|x64.ActiveCfg = Debug|x64
		{E4F5AB39-AD73-4995-B50A-3EC18A46DF59}.Debug|x64.Build.0 = Debug|x64
		{E4F5AB39-AD73-4995-B50A-3EC18A46DF59}.Debug|x86.ActiveCfg = Debug|Win32
		{E4F5AB39-AD73-4995-B50A-3EC18A46DF59}.Debug|x86.Build.0 = Debug|Win32
		{E4F5AB39-AD73-4995-B50A-3EC18A46DF59}.Release|x64.ActiveCfg = Release|x64
		{E4F5AB39-AD73-4995-B50A-3EC18A46DF59}.Release|x64.Build.0 = Release|x64
		{E4F5AB39-AD73-4995-B50A-3EC18A46DF59}.Release|x86.ActiveCfg = Release|Win32
		{E4F5AB39-AD73-4995-B50A-3EC18A46DF59}.Release|x86.Build.0 = Release|Win32
	EndGlobalSection
	GlobalSection(SolutionProperties) = preSolution
		HideSolutionNode = FALSE
	EndGlobalSection
	GlobalSection(ExtensibilityGlobals) = postSolution
		SolutionGuid = {1E029E60-DFB8-43F1-802B-FF038427C20E}
	EndGlobalSection
EndGlobal
